
Microsoft Visual Studio Solution File, Format Version 12.00
# Visual Studio Version 16
VisualStudioVersion = 16.0.29806.167
MinimumVisualStudioVersion = 10.0.40219.1
Project("{FAE04EC0-301F-11D3-BF4B-00C04F79EFBC}") = "dotnetCoreApi", "dotnetCoreApi\dotnetCoreApi.csproj", "{A32411D7-1E24-40B3-9682-0433B663524C}"
EndProject
Global
	GlobalSection(SolutionConfigurationPlatforms) = preSolution
		Debug|Any CPU = Debug|Any CPU
		Release|Any CPU = Release|Any CPU
	EndGlobalSection
	GlobalSection(ProjectConfigurationPlatforms) = postSolution
		{A32411D7-1E24-40B3-9682-0433B663524C}.Debug|Any CPU.ActiveCfg = Debug|Any CPU
		{A32411D7-1E24-40B3-9682-0433B663524C}.Debug|Any CPU.Build.0 = Debug|Any CPU
		{A32411D7-1E24-40B3-9682-0433B663524C}.Release|Any CPU.ActiveCfg = Release|Any CPU
		{A32411D7-1E24-40B3-9682-0433B663524C}.Release|Any CPU.Build.0 = Release|Any CPU
	EndGlobalSection
	GlobalSection(SolutionProperties) = preSolution
		HideSolutionNode = FALSE
	EndGlobalSection
	GlobalSection(ExtensibilityGlobals) = postSolution
		SolutionGuid = {368A95E2-C451-4FF6-A63E-B5080B8C2900}
	EndGlobalSection
EndGlobal
